
Microsoft Visual Studio Solution File, Format Version 12.00
# Visual Studio Version 17
VisualStudioVersion = 17.1.32328.378
MinimumVisualStudioVersion = 10.0.40219.1
Project("{FAE04EC0-301F-11D3-BF4B-00C04F79EFBC}") = "NasljedivanjePonavljanje", "NasljedivanjePonavljanje\NasljedivanjePonavljanje.csproj", "{C8A5D8C1-73BE-4436-BC90-EE6DC3CFA74C}"
EndProject
Global
	GlobalSection(SolutionConfigurationPlatforms) = preSolution
		Debug|Any CPU = Debug|Any CPU
		Release|Any CPU = Release|Any CPU
	EndGlobalSection
	GlobalSection(ProjectConfigurationPlatforms) = postSolution
		{C8A5D8C1-73BE-4436-BC90-EE6DC3CFA74C}.Debug|Any CPU.ActiveCfg = Debug|Any CPU
		{C8A5D8C1-73BE-4436-BC90-EE6DC3CFA74C}.Debug|Any CPU.Build.0 = Debug|Any CPU
		{C8A5D8C1-73BE-4436-BC90-EE6DC3CFA74C}.Release|Any CPU.ActiveCfg = Release|Any CPU
		{C8A5D8C1-73BE-4436-BC90-EE6DC3CFA74C}.Release|Any CPU.Build.0 = Release|Any CPU
	EndGlobalSection
	GlobalSection(SolutionProperties) = preSolution
		HideSolutionNode = FALSE
	EndGlobalSection
	GlobalSection(ExtensibilityGlobals) = postSolution
		SolutionGuid = {50FA8522-0CE9-4310-AD0C-EE2C70E74921}
	EndGlobalSection
EndGlobal
